
Microsoft Visual Studio Solution File, Format Version 12.00
# Visual Studio Version 17
VisualStudioVersion = 17.9.34723.18
MinimumVisualStudioVersion = 10.0.40219.1
Project("{FAE04EC0-301F-11D3-BF4B-00C04F79EFBC}") = "web1_270324", "web1_270324.csproj", "{B3C76C36-67E2-4FAB-95EF-780BA8D8F92A}"
EndProject
Global
	GlobalSection(SolutionConfigurationPlatforms) = preSolution
		Debug|Any CPU = Debug|Any CPU
		Release|Any CPU = Release|Any CPU
	EndGlobalSection
	GlobalSection(ProjectConfigurationPlatforms) = postSolution
		{B3C76C36-67E2-4FAB-95EF-780BA8D8F92A}.Debug|Any CPU.ActiveCfg = Debug|Any CPU
		{B3C76C36-67E2-4FAB-95EF-780BA8D8F92A}.Debug|Any CPU.Build.0 = Debug|Any CPU
		{B3C76C36-67E2-4FAB-95EF-780BA8D8F92A}.Release|Any CPU.ActiveCfg = Release|Any CPU
		{B3C76C36-67E2-4FAB-95EF-780BA8D8F92A}.Release|Any CPU.Build.0 = Release|Any CPU
	EndGlobalSection
	GlobalSection(SolutionProperties) = preSolution
		HideSolutionNode = FALSE
	EndGlobalSection
	GlobalSection(ExtensibilityGlobals) = postSolution
		SolutionGuid = {BA0E3CF3-4355-494A-ADB1-D7E6E04352B9}
	EndGlobalSection
EndGlobal
